// !$*UTF8*$!
{
	archiveVersion = 1;
	classes = {
	};
	objectVersion = 50;
	objects = {

/* Begin PBXBuildFile section */
		8CE0EF5825569DD200F5C130 /* AppDelegate.swift in Sources */ = {isa = PBXBuildFile; fileRef = 8CE0EF5725569DD200F5C130 /* AppDelegate.swift */; };
		8CE0EF6125569DD500F5C130 /* Assets.xcassets in Resources */ = {isa = PBXBuildFile; fileRef = 8CE0EF6025569DD500F5C130 /* Assets.xcassets */; };
		8CE0EF6425569DD500F5C130 /* LaunchScreen.storyboard in Resources */ = {isa = PBXBuildFile; fileRef = 8CE0EF6225569DD500F5C130 /* LaunchScreen.storyboard */; };
		8CE0EF6F25569DD500F5C130 /* MYMovieDBTests.swift in Sources */ = {isa = PBXBuildFile; fileRef = 8CE0EF6E25569DD500F5C130 /* MYMovieDBTests.swift */; };
		8CE0EF7A25569DD500F5C130 /* MYMovieDBUITests.swift in Sources */ = {isa = PBXBuildFile; fileRef = 8CE0EF7925569DD500F5C130 /* MYMovieDBUITests.swift */; };
		8CEBE3C42556B719006A5FAE /* ListViewController.swift in Sources */ = {isa = PBXBuildFile; fileRef = 8CEBE3C32556B719006A5FAE /* ListViewController.swift */; };
		8CEBE3C92556B79F006A5FAE /* AppRouter.swift in Sources */ = {isa = PBXBuildFile; fileRef = 8CEBE3C82556B79F006A5FAE /* AppRouter.swift */; };
		8CEBE3CF2556BA69006A5FAE /* Network.swift in Sources */ = {isa = PBXBuildFile; fileRef = 8CEBE3CE2556BA69006A5FAE /* Network.swift */; };
		8CEBE3D52556BAC7006A5FAE /* NetworkManager.swift in Sources */ = {isa = PBXBuildFile; fileRef = 8CEBE3D42556BAC7006A5FAE /* NetworkManager.swift */; };
		8CEBE3F22556BDFF006A5FAE /* Request.swift in Sources */ = {isa = PBXBuildFile; fileRef = 8CEBE3F12556BDFF006A5FAE /* Request.swift */; };
		8CEBE4022556C097006A5FAE /* URLRequest.swift in Sources */ = {isa = PBXBuildFile; fileRef = 8CEBE4012556C097006A5FAE /* URLRequest.swift */; };
		8CEBE41A2556DF37006A5FAE /* Response.swift in Sources */ = {isa = PBXBuildFile; fileRef = 8CEBE4192556DF37006A5FAE /* Response.swift */; };
		8CEBE4262556DFC5006A5FAE /* ListViewModel.swift in Sources */ = {isa = PBXBuildFile; fileRef = 8CEBE4252556DFC5006A5FAE /* ListViewModel.swift */; };
		8CEBE42C2556E014006A5FAE /* ListViewDataController.swift in Sources */ = {isa = PBXBuildFile; fileRef = 8CEBE42B2556E014006A5FAE /* ListViewDataController.swift */; };
		8CEBE4312556E20E006A5FAE /* MoviePopularListRequest.swift in Sources */ = {isa = PBXBuildFile; fileRef = 8CEBE4302556E20E006A5FAE /* MoviePopularListRequest.swift */; };
		8CEBE4362556E224006A5FAE /* MoviePopularListResponse.swift in Sources */ = {isa = PBXBuildFile; fileRef = 8CEBE4352556E224006A5FAE /* MoviePopularListResponse.swift */; };
		8CEBE43C2556E2C9006A5FAE /* Movie.swift in Sources */ = {isa = PBXBuildFile; fileRef = 8CEBE43B2556E2C9006A5FAE /* Movie.swift */; };
		8CEBE4472556E307006A5FAE /* Decodable.swift in Sources */ = {isa = PBXBuildFile; fileRef = 8CEBE4462556E307006A5FAE /* Decodable.swift */; };
		8CEBE4522556E84F006A5FAE /* HTTPMethod.swift in Sources */ = {isa = PBXBuildFile; fileRef = 8CEBE4512556E84F006A5FAE /* HTTPMethod.swift */; };
		8CEBE4602556EF24006A5FAE /* ListViewDataProtocol.swift in Sources */ = {isa = PBXBuildFile; fileRef = 8CEBE45F2556EF24006A5FAE /* ListViewDataProtocol.swift */; };
		8CEBE4652556EF83006A5FAE /* ListViewProtocol.swift in Sources */ = {isa = PBXBuildFile; fileRef = 8CEBE4642556EF83006A5FAE /* ListViewProtocol.swift */; };
		8CEBE47125571447006A5FAE /* Theme.swift in Sources */ = {isa = PBXBuildFile; fileRef = 8CEBE47025571447006A5FAE /* Theme.swift */; };
		8CEBE476255717ED006A5FAE /* UIColor.swift in Sources */ = {isa = PBXBuildFile; fileRef = 8CEBE475255717ED006A5FAE /* UIColor.swift */; };
		8CEBE48025571A97006A5FAE /* ViewController.swift in Sources */ = {isa = PBXBuildFile; fileRef = 8CEBE47F25571A97006A5FAE /* ViewController.swift */; };
		8CEBE48825571B16006A5FAE /* UINavigationBar.swift in Sources */ = {isa = PBXBuildFile; fileRef = 8CEBE48725571B16006A5FAE /* UINavigationBar.swift */; };
		8CEBE48D255720FC006A5FAE /* ListViewState.swift in Sources */ = {isa = PBXBuildFile; fileRef = 8CEBE48C255720FC006A5FAE /* ListViewState.swift */; };
		8CEBE492255721DF006A5FAE /* StatusView.swift in Sources */ = {isa = PBXBuildFile; fileRef = 8CEBE491255721DF006A5FAE /* StatusView.swift */; };
		8CEBE497255724DB006A5FAE /* UIView+Layout.swift in Sources */ = {isa = PBXBuildFile; fileRef = 8CEBE496255724DB006A5FAE /* UIView+Layout.swift */; };
		8CEBE49F25572544006A5FAE /* UIView+Anchor.swift in Sources */ = {isa = PBXBuildFile; fileRef = 8CEBE49E25572544006A5FAE /* UIView+Anchor.swift */; };
		8CEBE4AD25572797006A5FAE /* Layout.swift in Sources */ = {isa = PBXBuildFile; fileRef = 8CEBE4AC25572797006A5FAE /* Layout.swift */; };
		8CEBE4BD25572D7E006A5FAE /* Optional.swift in Sources */ = {isa = PBXBuildFile; fileRef = 8CEBE4BC25572D7E006A5FAE /* Optional.swift */; };
		8CEBE4CA25573337006A5FAE /* UIActivityIndicatorView.swift in Sources */ = {isa = PBXBuildFile; fileRef = 8CEBE4C925573337006A5FAE /* UIActivityIndicatorView.swift */; };
		8CEBE4D22557347B006A5FAE /* LoadingView.swift in Sources */ = {isa = PBXBuildFile; fileRef = 8CEBE4D12557347B006A5FAE /* LoadingView.swift */; };
		8CEBE5262557F55F006A5FAE /* ListViewTableViewCell.swift in Sources */ = {isa = PBXBuildFile; fileRef = 8CEBE5252557F55F006A5FAE /* ListViewTableViewCell.swift */; };
		8CEBE52E2557F906006A5FAE /* Reusable.swift in Sources */ = {isa = PBXBuildFile; fileRef = 8CEBE52D2557F906006A5FAE /* Reusable.swift */; };
		8CEBE533255801E3006A5FAE /* UITableView.swift in Sources */ = {isa = PBXBuildFile; fileRef = 8CEBE532255801E3006A5FAE /* UITableView.swift */; };
		8CEBE5412558080D006A5FAE /* ImageView.swift in Sources */ = {isa = PBXBuildFile; fileRef = 8CEBE5402558080D006A5FAE /* ImageView.swift */; };
		8CEBE54625580863006A5FAE /* ImageLoader.swift in Sources */ = {isa = PBXBuildFile; fileRef = 8CEBE54525580863006A5FAE /* ImageLoader.swift */; };
		8CEBE54B2558088C006A5FAE /* ImageRequest.swift in Sources */ = {isa = PBXBuildFile; fileRef = 8CEBE54A2558088C006A5FAE /* ImageRequest.swift */; };
		8CEBE55325580F88006A5FAE /* Collection.swift in Sources */ = {isa = PBXBuildFile; fileRef = 8CEBE55225580F88006A5FAE /* Collection.swift */; };
		8CEBE55C25581A08006A5FAE /* Genre.swift in Sources */ = {isa = PBXBuildFile; fileRef = 8CEBE55B25581A08006A5FAE /* Genre.swift */; };
		8CEBE56125581ABF006A5FAE /* MovieViewData.swift in Sources */ = {isa = PBXBuildFile; fileRef = 8CEBE56025581ABF006A5FAE /* MovieViewData.swift */; };
		8CEBE56625581B17006A5FAE /* Date.swift in Sources */ = {isa = PBXBuildFile; fileRef = 8CEBE56525581B17006A5FAE /* Date.swift */; };
		8CEBE56E25581C44006A5FAE /* DateFormattingHelper.swift in Sources */ = {isa = PBXBuildFile; fileRef = 8CEBE56D25581C44006A5FAE /* DateFormattingHelper.swift */; };
		8CEBE57C2558251E006A5FAE /* String.swift in Sources */ = {isa = PBXBuildFile; fileRef = 8CEBE57B2558251E006A5FAE /* String.swift */; };
		8CEBE588255832EE006A5FAE /* MovieDetailViewController.swift in Sources */ = {isa = PBXBuildFile; fileRef = 8CEBE587255832EE006A5FAE /* MovieDetailViewController.swift */; };
		8CEBE58D25583895006A5FAE /* MovieDetailViewModel.swift in Sources */ = {isa = PBXBuildFile; fileRef = 8CEBE58C25583895006A5FAE /* MovieDetailViewModel.swift */; };
		8CEBE592255838FA006A5FAE /* MovieDetailViewProtocol.swift in Sources */ = {isa = PBXBuildFile; fileRef = 8CEBE591255838FA006A5FAE /* MovieDetailViewProtocol.swift */; };
		8CEBE597255839D5006A5FAE /* ListViewRouting.swift in Sources */ = {isa = PBXBuildFile; fileRef = 8CEBE596255839D5006A5FAE /* ListViewRouting.swift */; };
		8CEBE59C25583A0B006A5FAE /* ListViewRouter.swift in Sources */ = {isa = PBXBuildFile; fileRef = 8CEBE59B25583A0B006A5FAE /* ListViewRouter.swift */; };
		8CEBE5A5255876E4006A5FAE /* MovieDetailDataController.swift in Sources */ = {isa = PBXBuildFile; fileRef = 8CEBE5A4255876E4006A5FAE /* MovieDetailDataController.swift */; };
		8CEBE5AD255876F3006A5FAE /* MovieDetailRequest.swift in Sources */ = {isa = PBXBuildFile; fileRef = 8CEBE5AC255876F3006A5FAE /* MovieDetailRequest.swift */; };
		8CEBE5B725587A90006A5FAE /* MovieDetailDataProtocol.swift in Sources */ = {isa = PBXBuildFile; fileRef = 8CEBE5B625587A90006A5FAE /* MovieDetailDataProtocol.swift */; };
		8CEBE5BF25587BE6006A5FAE /* MovieDetailViewState.swift in Sources */ = {isa = PBXBuildFile; fileRef = 8CEBE5BE25587BE6006A5FAE /* MovieDetailViewState.swift */; };
		8CEBE5CA2558A243006A5FAE /* MovieCreditsRequest.swift in Sources */ = {isa = PBXBuildFile; fileRef = 8CEBE5C92558A243006A5FAE /* MovieCreditsRequest.swift */; };
		8CEBE5CF2558A28C006A5FAE /* MovieCreditsResponse.swift in Sources */ = {isa = PBXBuildFile; fileRef = 8CEBE5CE2558A28C006A5FAE /* MovieCreditsResponse.swift */; };
		8CEBE5D52558A2A1006A5FAE /* Cast.swift in Sources */ = {isa = PBXBuildFile; fileRef = 8CEBE5D42558A2A1006A5FAE /* Cast.swift */; };
		8CEBE5EF2559396A006A5FAE /* UICollectionView.swift in Sources */ = {isa = PBXBuildFile; fileRef = 8CEBE5EE2559396A006A5FAE /* UICollectionView.swift */; };
/* End PBXBuildFile section */

/* Begin PBXContainerItemProxy section */
		8CE0EF6B25569DD500F5C130 /* PBXContainerItemProxy */ = {
			isa = PBXContainerItemProxy;
			containerPortal = 8CE0EF4C25569DD100F5C130 /* Project object */;
			proxyType = 1;
			remoteGlobalIDString = 8CE0EF5325569DD100F5C130;
			remoteInfo = MYMovieDB;
		};
		8CE0EF7625569DD500F5C130 /* PBXContainerItemProxy */ = {
			isa = PBXContainerItemProxy;
			containerPortal = 8CE0EF4C25569DD100F5C130 /* Project object */;
			proxyType = 1;
			remoteGlobalIDString = 8CE0EF5325569DD100F5C130;
			remoteInfo = MYMovieDB;
		};
/* End PBXContainerItemProxy section */

/* Begin PBXFileReference section */
		8CE0EF5425569DD100F5C130 /* MYMovieDB.app */ = {isa = PBXFileReference; explicitFileType = wrapper.application; includeInIndex = 0; path = MYMovieDB.app; sourceTree = BUILT_PRODUCTS_DIR; };
		8CE0EF5725569DD200F5C130 /* AppDelegate.swift */ = {isa = PBXFileReference; lastKnownFileType = sourcecode.swift; path = AppDelegate.swift; sourceTree = "<group>"; };
		8CE0EF6025569DD500F5C130 /* Assets.xcassets */ = {isa = PBXFileReference; lastKnownFileType = folder.assetcatalog; path = Assets.xcassets; sourceTree = "<group>"; };
		8CE0EF6325569DD500F5C130 /* Base */ = {isa = PBXFileReference; lastKnownFileType = file.storyboard; name = Base; path = Base.lproj/LaunchScreen.storyboard; sourceTree = "<group>"; };
		8CE0EF6525569DD500F5C130 /* Info.plist */ = {isa = PBXFileReference; lastKnownFileType = text.plist.xml; path = Info.plist; sourceTree = "<group>"; };
		8CE0EF6A25569DD500F5C130 /* MYMovieDBTests.xctest */ = {isa = PBXFileReference; explicitFileType = wrapper.cfbundle; includeInIndex = 0; path = MYMovieDBTests.xctest; sourceTree = BUILT_PRODUCTS_DIR; };
		8CE0EF6E25569DD500F5C130 /* MYMovieDBTests.swift */ = {isa = PBXFileReference; lastKnownFileType = sourcecode.swift; path = MYMovieDBTests.swift; sourceTree = "<group>"; };
		8CE0EF7025569DD500F5C130 /* Info.plist */ = {isa = PBXFileReference; lastKnownFileType = text.plist.xml; path = Info.plist; sourceTree = "<group>"; };
		8CE0EF7525569DD500F5C130 /* MYMovieDBUITests.xctest */ = {isa = PBXFileReference; explicitFileType = wrapper.cfbundle; includeInIndex = 0; path = MYMovieDBUITests.xctest; sourceTree = BUILT_PRODUCTS_DIR; };
		8CE0EF7925569DD500F5C130 /* MYMovieDBUITests.swift */ = {isa = PBXFileReference; lastKnownFileType = sourcecode.swift; path = MYMovieDBUITests.swift; sourceTree = "<group>"; };
		8CE0EF7B25569DD500F5C130 /* Info.plist */ = {isa = PBXFileReference; lastKnownFileType = text.plist.xml; path = Info.plist; sourceTree = "<group>"; };
		8CEBE3C32556B719006A5FAE /* ListViewController.swift */ = {isa = PBXFileReference; lastKnownFileType = sourcecode.swift; path = ListViewController.swift; sourceTree = "<group>"; };
		8CEBE3C82556B79F006A5FAE /* AppRouter.swift */ = {isa = PBXFileReference; lastKnownFileType = sourcecode.swift; path = AppRouter.swift; sourceTree = "<group>"; };
		8CEBE3CE2556BA69006A5FAE /* Network.swift */ = {isa = PBXFileReference; lastKnownFileType = sourcecode.swift; path = Network.swift; sourceTree = "<group>"; };
		8CEBE3D42556BAC7006A5FAE /* NetworkManager.swift */ = {isa = PBXFileReference; lastKnownFileType = sourcecode.swift; path = NetworkManager.swift; sourceTree = "<group>"; };
		8CEBE3F12556BDFF006A5FAE /* Request.swift */ = {isa = PBXFileReference; lastKnownFileType = sourcecode.swift; path = Request.swift; sourceTree = "<group>"; };
		8CEBE4012556C097006A5FAE /* URLRequest.swift */ = {isa = PBXFileReference; lastKnownFileType = sourcecode.swift; path = URLRequest.swift; sourceTree = "<group>"; };
		8CEBE4192556DF37006A5FAE /* Response.swift */ = {isa = PBXFileReference; lastKnownFileType = sourcecode.swift; path = Response.swift; sourceTree = "<group>"; };
		8CEBE4252556DFC5006A5FAE /* ListViewModel.swift */ = {isa = PBXFileReference; lastKnownFileType = sourcecode.swift; path = ListViewModel.swift; sourceTree = "<group>"; };
		8CEBE42B2556E014006A5FAE /* ListViewDataController.swift */ = {isa = PBXFileReference; lastKnownFileType = sourcecode.swift; path = ListViewDataController.swift; sourceTree = "<group>"; };
		8CEBE4302556E20E006A5FAE /* MoviePopularListRequest.swift */ = {isa = PBXFileReference; lastKnownFileType = sourcecode.swift; path = MoviePopularListRequest.swift; sourceTree = "<group>"; };
		8CEBE4352556E224006A5FAE /* MoviePopularListResponse.swift */ = {isa = PBXFileReference; lastKnownFileType = sourcecode.swift; path = MoviePopularListResponse.swift; sourceTree = "<group>"; };
		8CEBE43B2556E2C9006A5FAE /* Movie.swift */ = {isa = PBXFileReference; lastKnownFileType = sourcecode.swift; path = Movie.swift; sourceTree = "<group>"; };
		8CEBE4462556E307006A5FAE /* Decodable.swift */ = {isa = PBXFileReference; lastKnownFileType = sourcecode.swift; path = Decodable.swift; sourceTree = "<group>"; };
		8CEBE4512556E84F006A5FAE /* HTTPMethod.swift */ = {isa = PBXFileReference; lastKnownFileType = sourcecode.swift; path = HTTPMethod.swift; sourceTree = "<group>"; };
		8CEBE45F2556EF24006A5FAE /* ListViewDataProtocol.swift */ = {isa = PBXFileReference; lastKnownFileType = sourcecode.swift; path = ListViewDataProtocol.swift; sourceTree = "<group>"; };
		8CEBE4642556EF83006A5FAE /* ListViewProtocol.swift */ = {isa = PBXFileReference; lastKnownFileType = sourcecode.swift; path = ListViewProtocol.swift; sourceTree = "<group>"; };
		8CEBE47025571447006A5FAE /* Theme.swift */ = {isa = PBXFileReference; lastKnownFileType = sourcecode.swift; path = Theme.swift; sourceTree = "<group>"; };
		8CEBE475255717ED006A5FAE /* UIColor.swift */ = {isa = PBXFileReference; lastKnownFileType = sourcecode.swift; path = UIColor.swift; sourceTree = "<group>"; };
		8CEBE47F25571A97006A5FAE /* ViewController.swift */ = {isa = PBXFileReference; lastKnownFileType = sourcecode.swift; path = ViewController.swift; sourceTree = "<group>"; };
		8CEBE48725571B16006A5FAE /* UINavigationBar.swift */ = {isa = PBXFileReference; lastKnownFileType = sourcecode.swift; path = UINavigationBar.swift; sourceTree = "<group>"; };
		8CEBE48C255720FC006A5FAE /* ListViewState.swift */ = {isa = PBXFileReference; lastKnownFileType = sourcecode.swift; path = ListViewState.swift; sourceTree = "<group>"; };
		8CEBE491255721DF006A5FAE /* StatusView.swift */ = {isa = PBXFileReference; lastKnownFileType = sourcecode.swift; path = StatusView.swift; sourceTree = "<group>"; };
		8CEBE496255724DB006A5FAE /* UIView+Layout.swift */ = {isa = PBXFileReference; lastKnownFileType = sourcecode.swift; path = "UIView+Layout.swift"; sourceTree = "<group>"; };
		8CEBE49E25572544006A5FAE /* UIView+Anchor.swift */ = {isa = PBXFileReference; lastKnownFileType = sourcecode.swift; path = "UIView+Anchor.swift"; sourceTree = "<group>"; };
		8CEBE4AC25572797006A5FAE /* Layout.swift */ = {isa = PBXFileReference; lastKnownFileType = sourcecode.swift; path = Layout.swift; sourceTree = "<group>"; };
		8CEBE4BC25572D7E006A5FAE /* Optional.swift */ = {isa = PBXFileReference; lastKnownFileType = sourcecode.swift; path = Optional.swift; sourceTree = "<group>"; };
		8CEBE4C925573337006A5FAE /* UIActivityIndicatorView.swift */ = {isa = PBXFileReference; lastKnownFileType = sourcecode.swift; path = UIActivityIndicatorView.swift; sourceTree = "<group>"; };
		8CEBE4D12557347B006A5FAE /* LoadingView.swift */ = {isa = PBXFileReference; lastKnownFileType = sourcecode.swift; path = LoadingView.swift; sourceTree = "<group>"; };
		8CEBE5252557F55F006A5FAE /* ListViewTableViewCell.swift */ = {isa = PBXFileReference; lastKnownFileType = sourcecode.swift; path = ListViewTableViewCell.swift; sourceTree = "<group>"; };
		8CEBE52D2557F906006A5FAE /* Reusable.swift */ = {isa = PBXFileReference; lastKnownFileType = sourcecode.swift; path = Reusable.swift; sourceTree = "<group>"; };
		8CEBE532255801E3006A5FAE /* UITableView.swift */ = {isa = PBXFileReference; lastKnownFileType = sourcecode.swift; path = UITableView.swift; sourceTree = "<group>"; };
		8CEBE5402558080D006A5FAE /* ImageView.swift */ = {isa = PBXFileReference; lastKnownFileType = sourcecode.swift; path = ImageView.swift; sourceTree = "<group>"; };
		8CEBE54525580863006A5FAE /* ImageLoader.swift */ = {isa = PBXFileReference; lastKnownFileType = sourcecode.swift; path = ImageLoader.swift; sourceTree = "<group>"; };
		8CEBE54A2558088C006A5FAE /* ImageRequest.swift */ = {isa = PBXFileReference; lastKnownFileType = sourcecode.swift; path = ImageRequest.swift; sourceTree = "<group>"; };
		8CEBE55225580F88006A5FAE /* Collection.swift */ = {isa = PBXFileReference; lastKnownFileType = sourcecode.swift; path = Collection.swift; sourceTree = "<group>"; };
		8CEBE55B25581A08006A5FAE /* Genre.swift */ = {isa = PBXFileReference; lastKnownFileType = sourcecode.swift; path = Genre.swift; sourceTree = "<group>"; };
		8CEBE56025581ABF006A5FAE /* MovieViewData.swift */ = {isa = PBXFileReference; lastKnownFileType = sourcecode.swift; path = MovieViewData.swift; sourceTree = "<group>"; };
		8CEBE56525581B17006A5FAE /* Date.swift */ = {isa = PBXFileReference; lastKnownFileType = sourcecode.swift; path = Date.swift; sourceTree = "<group>"; };
		8CEBE56D25581C44006A5FAE /* DateFormattingHelper.swift */ = {isa = PBXFileReference; lastKnownFileType = sourcecode.swift; path = DateFormattingHelper.swift; sourceTree = "<group>"; };
		8CEBE57B2558251E006A5FAE /* String.swift */ = {isa = PBXFileReference; lastKnownFileType = sourcecode.swift; path = String.swift; sourceTree = "<group>"; };
		8CEBE587255832EE006A5FAE /* MovieDetailViewController.swift */ = {isa = PBXFileReference; lastKnownFileType = sourcecode.swift; path = MovieDetailViewController.swift; sourceTree = "<group>"; };
		8CEBE58C25583895006A5FAE /* MovieDetailViewModel.swift */ = {isa = PBXFileReference; lastKnownFileType = sourcecode.swift; path = MovieDetailViewModel.swift; sourceTree = "<group>"; };
		8CEBE591255838FA006A5FAE /* MovieDetailViewProtocol.swift */ = {isa = PBXFileReference; lastKnownFileType = sourcecode.swift; path = MovieDetailViewProtocol.swift; sourceTree = "<group>"; };
		8CEBE596255839D5006A5FAE /* ListViewRouting.swift */ = {isa = PBXFileReference; lastKnownFileType = sourcecode.swift; path = ListViewRouting.swift; sourceTree = "<group>"; };
		8CEBE59B25583A0B006A5FAE /* ListViewRouter.swift */ = {isa = PBXFileReference; lastKnownFileType = sourcecode.swift; path = ListViewRouter.swift; sourceTree = "<group>"; };
		8CEBE5A4255876E4006A5FAE /* MovieDetailDataController.swift */ = {isa = PBXFileReference; lastKnownFileType = sourcecode.swift; path = MovieDetailDataController.swift; sourceTree = "<group>"; };
		8CEBE5AC255876F3006A5FAE /* MovieDetailRequest.swift */ = {isa = PBXFileReference; lastKnownFileType = sourcecode.swift; path = MovieDetailRequest.swift; sourceTree = "<group>"; };
		8CEBE5B625587A90006A5FAE /* MovieDetailDataProtocol.swift */ = {isa = PBXFileReference; lastKnownFileType = sourcecode.swift; path = MovieDetailDataProtocol.swift; sourceTree = "<group>"; };
		8CEBE5BE25587BE6006A5FAE /* MovieDetailViewState.swift */ = {isa = PBXFileReference; lastKnownFileType = sourcecode.swift; path = MovieDetailViewState.swift; sourceTree = "<group>"; };
		8CEBE5C92558A243006A5FAE /* MovieCreditsRequest.swift */ = {isa = PBXFileReference; lastKnownFileType = sourcecode.swift; path = MovieCreditsRequest.swift; sourceTree = "<group>"; };
		8CEBE5CE2558A28C006A5FAE /* MovieCreditsResponse.swift */ = {isa = PBXFileReference; lastKnownFileType = sourcecode.swift; path = MovieCreditsResponse.swift; sourceTree = "<group>"; };
		8CEBE5D42558A2A1006A5FAE /* Cast.swift */ = {isa = PBXFileReference; lastKnownFileType = sourcecode.swift; path = Cast.swift; sourceTree = "<group>"; };
		8CEBE5EE2559396A006A5FAE /* UICollectionView.swift */ = {isa = PBXFileReference; lastKnownFileType = sourcecode.swift; path = UICollectionView.swift; sourceTree = "<group>"; };
/* End PBXFileReference section */

/* Begin PBXFrameworksBuildPhase section */
		8CE0EF5125569DD100F5C130 /* Frameworks */ = {
			isa = PBXFrameworksBuildPhase;
			buildActionMask = 2147483647;
			files = (
			);
			runOnlyForDeploymentPostprocessing = 0;
		};
		8CE0EF6725569DD500F5C130 /* Frameworks */ = {
			isa = PBXFrameworksBuildPhase;
			buildActionMask = 2147483647;
			files = (
			);
			runOnlyForDeploymentPostprocessing = 0;
		};
		8CE0EF7225569DD500F5C130 /* Frameworks */ = {
			isa = PBXFrameworksBuildPhase;
			buildActionMask = 2147483647;
			files = (
			);
			runOnlyForDeploymentPostprocessing = 0;
		};
/* End PBXFrameworksBuildPhase section */

/* Begin PBXGroup section */
		8CE0EF4B25569DD100F5C130 = {
			isa = PBXGroup;
			children = (
				8CE0EF5625569DD100F5C130 /* MYMovieDB */,
				8CE0EF6D25569DD500F5C130 /* MYMovieDBTests */,
				8CE0EF7825569DD500F5C130 /* MYMovieDBUITests */,
				8CE0EF5525569DD100F5C130 /* Products */,
			);
			sourceTree = "<group>";
		};
		8CE0EF5525569DD100F5C130 /* Products */ = {
			isa = PBXGroup;
			children = (
				8CE0EF5425569DD100F5C130 /* MYMovieDB.app */,
				8CE0EF6A25569DD500F5C130 /* MYMovieDBTests.xctest */,
				8CE0EF7525569DD500F5C130 /* MYMovieDBUITests.xctest */,
			);
			name = Products;
			sourceTree = "<group>";
		};
		8CE0EF5625569DD100F5C130 /* MYMovieDB */ = {
			isa = PBXGroup;
			children = (
				8CE0EF6525569DD500F5C130 /* Info.plist */,
				8CE0EF5725569DD200F5C130 /* AppDelegate.swift */,
				8CE0EF6025569DD500F5C130 /* Assets.xcassets */,
				8CEBE3CD2556BA52006A5FAE /* Constants */,
				8CEBE4002556C07C006A5FAE /* Extensions */,
				8CE0EF6225569DD500F5C130 /* LaunchScreen.storyboard */,
				8CEBE3D32556BAA4006A5FAE /* Network */,
				8CEBE3C22556B6C2006A5FAE /* Scenes */,
			);
			path = MYMovieDB;
			sourceTree = "<group>";
		};
		8CE0EF6D25569DD500F5C130 /* MYMovieDBTests */ = {
			isa = PBXGroup;
			children = (
				8CE0EF6E25569DD500F5C130 /* MYMovieDBTests.swift */,
				8CE0EF7025569DD500F5C130 /* Info.plist */,
			);
			path = MYMovieDBTests;
			sourceTree = "<group>";
		};
		8CE0EF7825569DD500F5C130 /* MYMovieDBUITests */ = {
			isa = PBXGroup;
			children = (
				8CE0EF7925569DD500F5C130 /* MYMovieDBUITests.swift */,
				8CE0EF7B25569DD500F5C130 /* Info.plist */,
			);
			path = MYMovieDBUITests;
			sourceTree = "<group>";
		};
		8CEBE3C22556B6C2006A5FAE /* Scenes */ = {
			isa = PBXGroup;
			children = (
				8CEBE3C82556B79F006A5FAE /* AppRouter.swift */,
				8CEBE46F2557143A006A5FAE /* Common */,
				8CEBE4242556DFB3006A5FAE /* List */,
				8CEBE586255832CE006A5FAE /* Movie Detail */,
			);
			path = Scenes;
			sourceTree = "<group>";
		};
		8CEBE3CD2556BA52006A5FAE /* Constants */ = {
			isa = PBXGroup;
			children = (
				8CEBE4512556E84F006A5FAE /* HTTPMethod.swift */,
				8CEBE4AC25572797006A5FAE /* Layout.swift */,
				8CEBE3CE2556BA69006A5FAE /* Network.swift */,
			);
			path = Constants;
			sourceTree = "<group>";
		};
		8CEBE3D32556BAA4006A5FAE /* Network */ = {
			isa = PBXGroup;
			children = (
				8CEBE54A2558088C006A5FAE /* ImageRequest.swift */,
				8CEBE3D42556BAC7006A5FAE /* NetworkManager.swift */,
				8CEBE3F12556BDFF006A5FAE /* Request.swift */,
				8CEBE4192556DF37006A5FAE /* Response.swift */,
			);
			path = Network;
			sourceTree = "<group>";
		};
		8CEBE4002556C07C006A5FAE /* Extensions */ = {
			isa = PBXGroup;
			children = (
				8CEBE55225580F88006A5FAE /* Collection.swift */,
				8CEBE56525581B17006A5FAE /* Date.swift */,
				8CEBE4462556E307006A5FAE /* Decodable.swift */,
				8CEBE4BC25572D7E006A5FAE /* Optional.swift */,
				8CEBE57B2558251E006A5FAE /* String.swift */,
				8CEBE4C925573337006A5FAE /* UIActivityIndicatorView.swift */,
				8CEBE5EE2559396A006A5FAE /* UICollectionView.swift */,
				8CEBE475255717ED006A5FAE /* UIColor.swift */,
				8CEBE48725571B16006A5FAE /* UINavigationBar.swift */,
				8CEBE532255801E3006A5FAE /* UITableView.swift */,
				8CEBE49E25572544006A5FAE /* UIView+Anchor.swift */,
				8CEBE496255724DB006A5FAE /* UIView+Layout.swift */,
				8CEBE4012556C097006A5FAE /* URLRequest.swift */,
			);
			path = Extensions;
			sourceTree = "<group>";
		};
		8CEBE4242556DFB3006A5FAE /* List */ = {
			isa = PBXGroup;
			children = (
				8CEBE3C32556B719006A5FAE /* ListViewController.swift */,
				8CEBE4252556DFC5006A5FAE /* ListViewModel.swift */,
				8CEBE4642556EF83006A5FAE /* ListViewProtocol.swift */,
				8CEBE59B25583A0B006A5FAE /* ListViewRouter.swift */,
				8CEBE596255839D5006A5FAE /* ListViewRouting.swift */,
				8CEBE48C255720FC006A5FAE /* ListViewState.swift */,
				8CEBE43A2556E2AA006A5FAE /* Models */,
				8CEBE42A2556DFFD006A5FAE /* Network */,
				8CEBE5242557F537006A5FAE /* Views */,
			);
			path = List;
			sourceTree = "<group>";
		};
		8CEBE42A2556DFFD006A5FAE /* Network */ = {
			isa = PBXGroup;
			children = (
				8CEBE42B2556E014006A5FAE /* ListViewDataController.swift */,
				8CEBE45F2556EF24006A5FAE /* ListViewDataProtocol.swift */,
				8CEBE4302556E20E006A5FAE /* MoviePopularListRequest.swift */,
				8CEBE4352556E224006A5FAE /* MoviePopularListResponse.swift */,
			);
			path = Network;
			sourceTree = "<group>";
		};
		8CEBE43A2556E2AA006A5FAE /* Models */ = {
			isa = PBXGroup;
			children = (
				8CEBE55B25581A08006A5FAE /* Genre.swift */,
				8CEBE43B2556E2C9006A5FAE /* Movie.swift */,
				8CEBE56025581ABF006A5FAE /* MovieViewData.swift */,
			);
			path = Models;
			sourceTree = "<group>";
		};
		8CEBE46F2557143A006A5FAE /* Common */ = {
			isa = PBXGroup;
			children = (
				8CEBE56D25581C44006A5FAE /* DateFormattingHelper.swift */,
				8CEBE54525580863006A5FAE /* ImageLoader.swift */,
				8CEBE47025571447006A5FAE /* Theme.swift */,
				8CEBE4C8255732BB006A5FAE /* ViewControllers */,
				8CEBE4C7255732B4006A5FAE /* Views */,
			);
			path = Common;
			sourceTree = "<group>";
		};
		8CEBE4C7255732B4006A5FAE /* Views */ = {
			isa = PBXGroup;
			children = (
				8CEBE5402558080D006A5FAE /* ImageView.swift */,
				8CEBE4D12557347B006A5FAE /* LoadingView.swift */,
				8CEBE52D2557F906006A5FAE /* Reusable.swift */,
				8CEBE491255721DF006A5FAE /* StatusView.swift */,
			);
			path = Views;
			sourceTree = "<group>";
		};
		8CEBE4C8255732BB006A5FAE /* ViewControllers */ = {
			isa = PBXGroup;
			children = (
				8CEBE47F25571A97006A5FAE /* ViewController.swift */,
			);
			path = ViewControllers;
			sourceTree = "<group>";
		};
		8CEBE5242557F537006A5FAE /* Views */ = {
			isa = PBXGroup;
			children = (
				8CEBE5252557F55F006A5FAE /* ListViewTableViewCell.swift */,
			);
			path = Views;
			sourceTree = "<group>";
		};
		8CEBE586255832CE006A5FAE /* Movie Detail */ = {
			isa = PBXGroup;
			children = (
				8CEBE587255832EE006A5FAE /* MovieDetailViewController.swift */,
				8CEBE58C25583895006A5FAE /* MovieDetailViewModel.swift */,
				8CEBE591255838FA006A5FAE /* MovieDetailViewProtocol.swift */,
				8CEBE5BE25587BE6006A5FAE /* MovieDetailViewState.swift */,
				8CEBE5A3255876CE006A5FAE /* Network */,
			);
			path = "Movie Detail";
			sourceTree = "<group>";
		};
		8CEBE5A3255876CE006A5FAE /* Network */ = {
			isa = PBXGroup;
			children = (
				8CEBE5C92558A243006A5FAE /* MovieCreditsRequest.swift */,
				8CEBE5CE2558A28C006A5FAE /* MovieCreditsResponse.swift */,
				8CEBE5A4255876E4006A5FAE /* MovieDetailDataController.swift */,
				8CEBE5B625587A90006A5FAE /* MovieDetailDataProtocol.swift */,
				8CEBE5AC255876F3006A5FAE /* MovieDetailRequest.swift */,
			);
			path = Network;
			sourceTree = "<group>";
		};
		8CEBE5D32558A293006A5FAE /* Models */ = {
			isa = PBXGroup;
			children = (
				8CEBE5D42558A2A1006A5FAE /* Cast.swift */,
			);
			path = Models;
			sourceTree = "<group>";
		};
/* End PBXGroup section */

/* Begin PBXNativeTarget section */
		8CE0EF5325569DD100F5C130 /* MYMovieDB */ = {
			isa = PBXNativeTarget;
			buildConfigurationList = 8CE0EF7E25569DD500F5C130 /* Build configuration list for PBXNativeTarget "MYMovieDB" */;
			buildPhases = (
				8CE0EF5025569DD100F5C130 /* Sources */,
				8CE0EF5125569DD100F5C130 /* Frameworks */,
				8CE0EF5225569DD100F5C130 /* Resources */,
				8CEBE3DC2556BB8A006A5FAE /* Swiftlint Run Script */,
			);
			buildRules = (
			);
			dependencies = (
			);
			name = MYMovieDB;
			productName = MYMovieDB;
			productReference = 8CE0EF5425569DD100F5C130 /* MYMovieDB.app */;
			productType = "com.apple.product-type.application";
		};
		8CE0EF6925569DD500F5C130 /* MYMovieDBTests */ = {
			isa = PBXNativeTarget;
			buildConfigurationList = 8CE0EF8125569DD500F5C130 /* Build configuration list for PBXNativeTarget "MYMovieDBTests" */;
			buildPhases = (
				8CE0EF6625569DD500F5C130 /* Sources */,
				8CE0EF6725569DD500F5C130 /* Frameworks */,
				8CE0EF6825569DD500F5C130 /* Resources */,
			);
			buildRules = (
			);
			dependencies = (
				8CE0EF6C25569DD500F5C130 /* PBXTargetDependency */,
			);
			name = MYMovieDBTests;
			productName = MYMovieDBTests;
			productReference = 8CE0EF6A25569DD500F5C130 /* MYMovieDBTests.xctest */;
			productType = "com.apple.product-type.bundle.unit-test";
		};
		8CE0EF7425569DD500F5C130 /* MYMovieDBUITests */ = {
			isa = PBXNativeTarget;
			buildConfigurationList = 8CE0EF8425569DD500F5C130 /* Build configuration list for PBXNativeTarget "MYMovieDBUITests" */;
			buildPhases = (
				8CE0EF7125569DD500F5C130 /* Sources */,
				8CE0EF7225569DD500F5C130 /* Frameworks */,
				8CE0EF7325569DD500F5C130 /* Resources */,
			);
			buildRules = (
			);
			dependencies = (
				8CE0EF7725569DD500F5C130 /* PBXTargetDependency */,
			);
			name = MYMovieDBUITests;
			productName = MYMovieDBUITests;
			productReference = 8CE0EF7525569DD500F5C130 /* MYMovieDBUITests.xctest */;
			productType = "com.apple.product-type.bundle.ui-testing";
		};
/* End PBXNativeTarget section */

/* Begin PBXProject section */
		8CE0EF4C25569DD100F5C130 /* Project object */ = {
			isa = PBXProject;
			attributes = {
				LastSwiftUpdateCheck = 1210;
				LastUpgradeCheck = 1210;
				TargetAttributes = {
					8CE0EF5325569DD100F5C130 = {
						CreatedOnToolsVersion = 12.1;
					};
					8CE0EF6925569DD500F5C130 = {
						CreatedOnToolsVersion = 12.1;
						TestTargetID = 8CE0EF5325569DD100F5C130;
					};
					8CE0EF7425569DD500F5C130 = {
						CreatedOnToolsVersion = 12.1;
						TestTargetID = 8CE0EF5325569DD100F5C130;
					};
				};
			};
			buildConfigurationList = 8CE0EF4F25569DD100F5C130 /* Build configuration list for PBXProject "MYMovieDB" */;
			compatibilityVersion = "Xcode 9.3";
			developmentRegion = en;
			hasScannedForEncodings = 0;
			knownRegions = (
				en,
				Base,
			);
			mainGroup = 8CE0EF4B25569DD100F5C130;
			productRefGroup = 8CE0EF5525569DD100F5C130 /* Products */;
			projectDirPath = "";
			projectRoot = "";
			targets = (
				8CE0EF5325569DD100F5C130 /* MYMovieDB */,
				8CE0EF6925569DD500F5C130 /* MYMovieDBTests */,
				8CE0EF7425569DD500F5C130 /* MYMovieDBUITests */,
			);
		};
/* End PBXProject section */

/* Begin PBXResourcesBuildPhase section */
		8CE0EF5225569DD100F5C130 /* Resources */ = {
			isa = PBXResourcesBuildPhase;
			buildActionMask = 2147483647;
			files = (
				8CE0EF6425569DD500F5C130 /* LaunchScreen.storyboard in Resources */,
				8CE0EF6125569DD500F5C130 /* Assets.xcassets in Resources */,
			);
			runOnlyForDeploymentPostprocessing = 0;
		};
		8CE0EF6825569DD500F5C130 /* Resources */ = {
			isa = PBXResourcesBuildPhase;
			buildActionMask = 2147483647;
			files = (
			);
			runOnlyForDeploymentPostprocessing = 0;
		};
		8CE0EF7325569DD500F5C130 /* Resources */ = {
			isa = PBXResourcesBuildPhase;
			buildActionMask = 2147483647;
			files = (
			);
			runOnlyForDeploymentPostprocessing = 0;
		};
/* End PBXResourcesBuildPhase section */

/* Begin PBXShellScriptBuildPhase section */
		8CEBE3DC2556BB8A006A5FAE /* Swiftlint Run Script */ = {
			isa = PBXShellScriptBuildPhase;
			buildActionMask = 2147483647;
			files = (
			);
			inputFileListPaths = (
			);
			inputPaths = (
			);
			name = "Swiftlint Run Script";
			outputFileListPaths = (
			);
			outputPaths = (
			);
			runOnlyForDeploymentPostprocessing = 0;
			shellPath = /bin/sh;
			shellScript = "if which swiftlint >/dev/null; then\n  swiftlint autocorrect --format\nelse\n  echo \"warning: SwiftLint not installed, download from https://github.com/realm/SwiftLint\"\nfi\n";
		};
/* End PBXShellScriptBuildPhase section */

/* Begin PBXSourcesBuildPhase section */
		8CE0EF5025569DD100F5C130 /* Sources */ = {
			isa = PBXSourcesBuildPhase;
			buildActionMask = 2147483647;
			files = (
				8CEBE592255838FA006A5FAE /* MovieDetailViewProtocol.swift in Sources */,
				8CEBE43C2556E2C9006A5FAE /* Movie.swift in Sources */,
				8CEBE5CF2558A28C006A5FAE /* MovieCreditsResponse.swift in Sources */,
				8CEBE52E2557F906006A5FAE /* Reusable.swift in Sources */,
				8CEBE57C2558251E006A5FAE /* String.swift in Sources */,
				8CEBE4312556E20E006A5FAE /* MoviePopularListRequest.swift in Sources */,
				8CEBE588255832EE006A5FAE /* MovieDetailViewController.swift in Sources */,
				8CEBE492255721DF006A5FAE /* StatusView.swift in Sources */,
				8CEBE4BD25572D7E006A5FAE /* Optional.swift in Sources */,
				8CEBE4262556DFC5006A5FAE /* ListViewModel.swift in Sources */,
				8CEBE4602556EF24006A5FAE /* ListViewDataProtocol.swift in Sources */,
				8CEBE48025571A97006A5FAE /* ViewController.swift in Sources */,
				8CEBE4652556EF83006A5FAE /* ListViewProtocol.swift in Sources */,
				8CEBE4472556E307006A5FAE /* Decodable.swift in Sources */,
				8CEBE3D52556BAC7006A5FAE /* NetworkManager.swift in Sources */,
				8CEBE48825571B16006A5FAE /* UINavigationBar.swift in Sources */,
				8CEBE5AD255876F3006A5FAE /* MovieDetailRequest.swift in Sources */,
				8CEBE5BF25587BE6006A5FAE /* MovieDetailViewState.swift in Sources */,
				8CEBE4362556E224006A5FAE /* MoviePopularListResponse.swift in Sources */,
				8CEBE3CF2556BA69006A5FAE /* Network.swift in Sources */,
				8CEBE5EF2559396A006A5FAE /* UICollectionView.swift in Sources */,
				8CEBE56E25581C44006A5FAE /* DateFormattingHelper.swift in Sources */,
				8CEBE476255717ED006A5FAE /* UIColor.swift in Sources */,
				8CEBE5D52558A2A1006A5FAE /* Cast.swift in Sources */,
				8CEBE5412558080D006A5FAE /* ImageView.swift in Sources */,
				8CEBE4AD25572797006A5FAE /* Layout.swift in Sources */,
				8CEBE3C92556B79F006A5FAE /* AppRouter.swift in Sources */,
				8CEBE533255801E3006A5FAE /* UITableView.swift in Sources */,
				8CEBE54B2558088C006A5FAE /* ImageRequest.swift in Sources */,
				8CEBE42C2556E014006A5FAE /* ListViewDataController.swift in Sources */,
				8CEBE3F22556BDFF006A5FAE /* Request.swift in Sources */,
				8CEBE5262557F55F006A5FAE /* ListViewTableViewCell.swift in Sources */,
				8CEBE5B725587A90006A5FAE /* MovieDetailDataProtocol.swift in Sources */,
				8CEBE47125571447006A5FAE /* Theme.swift in Sources */,
				8CEBE41A2556DF37006A5FAE /* Response.swift in Sources */,
				8CEBE56125581ABF006A5FAE /* MovieViewData.swift in Sources */,
				8CEBE48D255720FC006A5FAE /* ListViewState.swift in Sources */,
				8CEBE5A5255876E4006A5FAE /* MovieDetailDataController.swift in Sources */,
				8CEBE497255724DB006A5FAE /* UIView+Layout.swift in Sources */,
				8CEBE55325580F88006A5FAE /* Collection.swift in Sources */,
				8CEBE4D22557347B006A5FAE /* LoadingView.swift in Sources */,
				8CEBE49F25572544006A5FAE /* UIView+Anchor.swift in Sources */,
				8CEBE54625580863006A5FAE /* ImageLoader.swift in Sources */,
				8CEBE4522556E84F006A5FAE /* HTTPMethod.swift in Sources */,
				8CEBE58D25583895006A5FAE /* MovieDetailViewModel.swift in Sources */,
				8CEBE597255839D5006A5FAE /* ListViewRouting.swift in Sources */,
				8CEBE5CA2558A243006A5FAE /* MovieCreditsRequest.swift in Sources */,
				8CEBE59C25583A0B006A5FAE /* ListViewRouter.swift in Sources */,
				8CEBE4CA25573337006A5FAE /* UIActivityIndicatorView.swift in Sources */,
				8CE0EF5825569DD200F5C130 /* AppDelegate.swift in Sources */,
				8CEBE3C42556B719006A5FAE /* ListViewController.swift in Sources */,
				8CEBE55C25581A08006A5FAE /* Genre.swift in Sources */,
				8CEBE56625581B17006A5FAE /* Date.swift in Sources */,
				8CEBE4022556C097006A5FAE /* URLRequest.swift in Sources */,
			);
			runOnlyForDeploymentPostprocessing = 0;
		};
		8CE0EF6625569DD500F5C130 /* Sources */ = {
			isa = PBXSourcesBuildPhase;
			buildActionMask = 2147483647;
			files = (
				8CE0EF6F25569DD500F5C130 /* MYMovieDBTests.swift in Sources */,
			);
			runOnlyForDeploymentPostprocessing = 0;
		};
		8CE0EF7125569DD500F5C130 /* Sources */ = {
			isa = PBXSourcesBuildPhase;
			buildActionMask = 2147483647;
			files = (
				8CE0EF7A25569DD500F5C130 /* MYMovieDBUITests.swift in Sources */,
			);
			runOnlyForDeploymentPostprocessing = 0;
		};
/* End PBXSourcesBuildPhase section */

/* Begin PBXTargetDependency section */
		8CE0EF6C25569DD500F5C130 /* PBXTargetDependency */ = {
			isa = PBXTargetDependency;
			target = 8CE0EF5325569DD100F5C130 /* MYMovieDB */;
			targetProxy = 8CE0EF6B25569DD500F5C130 /* PBXContainerItemProxy */;
		};
		8CE0EF7725569DD500F5C130 /* PBXTargetDependency */ = {
			isa = PBXTargetDependency;
			target = 8CE0EF5325569DD100F5C130 /* MYMovieDB */;
			targetProxy = 8CE0EF7625569DD500F5C130 /* PBXContainerItemProxy */;
		};
/* End PBXTargetDependency section */

/* Begin PBXVariantGroup section */
		8CE0EF6225569DD500F5C130 /* LaunchScreen.storyboard */ = {
			isa = PBXVariantGroup;
			children = (
				8CE0EF6325569DD500F5C130 /* Base */,
			);
			name = LaunchScreen.storyboard;
			sourceTree = "<group>";
		};
/* End PBXVariantGroup section */

/* Begin XCBuildConfiguration section */
		8CE0EF7C25569DD500F5C130 /* Debug */ = {
			isa = XCBuildConfiguration;
			buildSettings = {
				ALWAYS_SEARCH_USER_PATHS = NO;
				CLANG_ANALYZER_NONNULL = YES;
				CLANG_ANALYZER_NUMBER_OBJECT_CONVERSION = YES_AGGRESSIVE;
				CLANG_CXX_LANGUAGE_STANDARD = "gnu++14";
				CLANG_CXX_LIBRARY = "libc++";
				CLANG_ENABLE_MODULES = YES;
				CLANG_ENABLE_OBJC_ARC = YES;
				CLANG_ENABLE_OBJC_WEAK = YES;
				CLANG_WARN_BLOCK_CAPTURE_AUTORELEASING = YES;
				CLANG_WARN_BOOL_CONVERSION = YES;
				CLANG_WARN_COMMA = YES;
				CLANG_WARN_CONSTANT_CONVERSION = YES;
				CLANG_WARN_DEPRECATED_OBJC_IMPLEMENTATIONS = YES;
				CLANG_WARN_DIRECT_OBJC_ISA_USAGE = YES_ERROR;
				CLANG_WARN_DOCUMENTATION_COMMENTS = YES;
				CLANG_WARN_EMPTY_BODY = YES;
				CLANG_WARN_ENUM_CONVERSION = YES;
				CLANG_WARN_INFINITE_RECURSION = YES;
				CLANG_WARN_INT_CONVERSION = YES;
				CLANG_WARN_NON_LITERAL_NULL_CONVERSION = YES;
				CLANG_WARN_OBJC_IMPLICIT_RETAIN_SELF = YES;
				CLANG_WARN_OBJC_LITERAL_CONVERSION = YES;
				CLANG_WARN_OBJC_ROOT_CLASS = YES_ERROR;
				CLANG_WARN_QUOTED_INCLUDE_IN_FRAMEWORK_HEADER = YES;
				CLANG_WARN_RANGE_LOOP_ANALYSIS = YES;
				CLANG_WARN_STRICT_PROTOTYPES = YES;
				CLANG_WARN_SUSPICIOUS_MOVE = YES;
				CLANG_WARN_UNGUARDED_AVAILABILITY = YES_AGGRESSIVE;
				CLANG_WARN_UNREACHABLE_CODE = YES;
				CLANG_WARN__DUPLICATE_METHOD_MATCH = YES;
				COPY_PHASE_STRIP = NO;
				DEBUG_INFORMATION_FORMAT = dwarf;
				ENABLE_STRICT_OBJC_MSGSEND = YES;
				ENABLE_TESTABILITY = YES;
				GCC_C_LANGUAGE_STANDARD = gnu11;
				GCC_DYNAMIC_NO_PIC = NO;
				GCC_NO_COMMON_BLOCKS = YES;
				GCC_OPTIMIZATION_LEVEL = 0;
				GCC_PREPROCESSOR_DEFINITIONS = (
					"DEBUG=1",
					"$(inherited)",
				);
				GCC_WARN_64_TO_32_BIT_CONVERSION = YES;
				GCC_WARN_ABOUT_RETURN_TYPE = YES_ERROR;
				GCC_WARN_UNDECLARED_SELECTOR = YES;
				GCC_WARN_UNINITIALIZED_AUTOS = YES_AGGRESSIVE;
				GCC_WARN_UNUSED_FUNCTION = YES;
				GCC_WARN_UNUSED_VARIABLE = YES;
				IPHONEOS_DEPLOYMENT_TARGET = 10.0;
				MTL_ENABLE_DEBUG_INFO = INCLUDE_SOURCE;
				MTL_FAST_MATH = YES;
				ONLY_ACTIVE_ARCH = YES;
				SDKROOT = iphoneos;
				SWIFT_ACTIVE_COMPILATION_CONDITIONS = DEBUG;
				SWIFT_OPTIMIZATION_LEVEL = "-Onone";
			};
			name = Debug;
		};
		8CE0EF7D25569DD500F5C130 /* Release */ = {
			isa = XCBuildConfiguration;
			buildSettings = {
				ALWAYS_SEARCH_USER_PATHS = NO;
				CLANG_ANALYZER_NONNULL = YES;
				CLANG_ANALYZER_NUMBER_OBJECT_CONVERSION = YES_AGGRESSIVE;
				CLANG_CXX_LANGUAGE_STANDARD = "gnu++14";
				CLANG_CXX_LIBRARY = "libc++";
				CLANG_ENABLE_MODULES = YES;
				CLANG_ENABLE_OBJC_ARC = YES;
				CLANG_ENABLE_OBJC_WEAK = YES;
				CLANG_WARN_BLOCK_CAPTURE_AUTORELEASING = YES;
				CLANG_WARN_BOOL_CONVERSION = YES;
				CLANG_WARN_COMMA = YES;
				CLANG_WARN_CONSTANT_CONVERSION = YES;
				CLANG_WARN_DEPRECATED_OBJC_IMPLEMENTATIONS = YES;
				CLANG_WARN_DIRECT_OBJC_ISA_USAGE = YES_ERROR;
				CLANG_WARN_DOCUMENTATION_COMMENTS = YES;
				CLANG_WARN_EMPTY_BODY = YES;
				CLANG_WARN_ENUM_CONVERSION = YES;
				CLANG_WARN_INFINITE_RECURSION = YES;
				CLANG_WARN_INT_CONVERSION = YES;
				CLANG_WARN_NON_LITERAL_NULL_CONVERSION = YES;
				CLANG_WARN_OBJC_IMPLICIT_RETAIN_SELF = YES;
				CLANG_WARN_OBJC_LITERAL_CONVERSION = YES;
				CLANG_WARN_OBJC_ROOT_CLASS = YES_ERROR;
				CLANG_WARN_QUOTED_INCLUDE_IN_FRAMEWORK_HEADER = YES;
				CLANG_WARN_RANGE_LOOP_ANALYSIS = YES;
				CLANG_WARN_STRICT_PROTOTYPES = YES;
				CLANG_WARN_SUSPICIOUS_MOVE = YES;
				CLANG_WARN_UNGUARDED_AVAILABILITY = YES_AGGRESSIVE;
				CLANG_WARN_UNREACHABLE_CODE = YES;
				CLANG_WARN__DUPLICATE_METHOD_MATCH = YES;
				COPY_PHASE_STRIP = NO;
				DEBUG_INFORMATION_FORMAT = "dwarf-with-dsym";
				ENABLE_NS_ASSERTIONS = NO;
				ENABLE_STRICT_OBJC_MSGSEND = YES;
				GCC_C_LANGUAGE_STANDARD = gnu11;
				GCC_NO_COMMON_BLOCKS = YES;
				GCC_WARN_64_TO_32_BIT_CONVERSION = YES;
				GCC_WARN_ABOUT_RETURN_TYPE = YES_ERROR;
				GCC_WARN_UNDECLARED_SELECTOR = YES;
				GCC_WARN_UNINITIALIZED_AUTOS = YES_AGGRESSIVE;
				GCC_WARN_UNUSED_FUNCTION = YES;
				GCC_WARN_UNUSED_VARIABLE = YES;
				IPHONEOS_DEPLOYMENT_TARGET = 10.0;
				MTL_ENABLE_DEBUG_INFO = NO;
				MTL_FAST_MATH = YES;
				SDKROOT = iphoneos;
				SWIFT_COMPILATION_MODE = wholemodule;
				SWIFT_OPTIMIZATION_LEVEL = "-O";
				VALIDATE_PRODUCT = YES;
			};
			name = Release;
		};
		8CE0EF7F25569DD500F5C130 /* Debug */ = {
			isa = XCBuildConfiguration;
			buildSettings = {
				ASSETCATALOG_COMPILER_APPICON_NAME = AppIcon;
				ASSETCATALOG_COMPILER_GLOBAL_ACCENT_COLOR_NAME = AccentColor;
				CODE_SIGN_STYLE = Automatic;
				INFOPLIST_FILE = MYMovieDB/Info.plist;
				LD_RUNPATH_SEARCH_PATHS = (
					"$(inherited)",
					"@executable_path/Frameworks",
				);
				PRODUCT_BUNDLE_IDENTIFIER = com.my.MYMovieDB;
				PRODUCT_NAME = "$(TARGET_NAME)";
				SWIFT_VERSION = 5.0;
				TARGETED_DEVICE_FAMILY = 1;
			};
			name = Debug;
		};
		8CE0EF8025569DD500F5C130 /* Release */ = {
			isa = XCBuildConfiguration;
			buildSettings = {
				ASSETCATALOG_COMPILER_APPICON_NAME = AppIcon;
				ASSETCATALOG_COMPILER_GLOBAL_ACCENT_COLOR_NAME = AccentColor;
				CODE_SIGN_STYLE = Automatic;
				INFOPLIST_FILE = MYMovieDB/Info.plist;
				LD_RUNPATH_SEARCH_PATHS = (
					"$(inherited)",
					"@executable_path/Frameworks",
				);
				PRODUCT_BUNDLE_IDENTIFIER = com.my.MYMovieDB;
				PRODUCT_NAME = "$(TARGET_NAME)";
				SWIFT_VERSION = 5.0;
				TARGETED_DEVICE_FAMILY = 1;
			};
			name = Release;
		};
		8CE0EF8225569DD500F5C130 /* Debug */ = {
			isa = XCBuildConfiguration;
			buildSettings = {
				ALWAYS_EMBED_SWIFT_STANDARD_LIBRARIES = YES;
				BUNDLE_LOADER = "$(TEST_HOST)";
				CODE_SIGN_STYLE = Automatic;
				INFOPLIST_FILE = MYMovieDBTests/Info.plist;
				IPHONEOS_DEPLOYMENT_TARGET = 14.1;
				LD_RUNPATH_SEARCH_PATHS = (
					"$(inherited)",
					"@executable_path/Frameworks",
					"@loader_path/Frameworks",
				);
				PRODUCT_BUNDLE_IDENTIFIER = com.my.MYMovieDBTests;
				PRODUCT_NAME = "$(TARGET_NAME)";
				SWIFT_VERSION = 5.0;
				TARGETED_DEVICE_FAMILY = "1,2";
				TEST_HOST = "$(BUILT_PRODUCTS_DIR)/MYMovieDB.app/MYMovieDB";
			};
			name = Debug;
		};
		8CE0EF8325569DD500F5C130 /* Release */ = {
			isa = XCBuildConfiguration;
			buildSettings = {
				ALWAYS_EMBED_SWIFT_STANDARD_LIBRARIES = YES;
				BUNDLE_LOADER = "$(TEST_HOST)";
				CODE_SIGN_STYLE = Automatic;
				INFOPLIST_FILE = MYMovieDBTests/Info.plist;
				IPHONEOS_DEPLOYMENT_TARGET = 14.1;
				LD_RUNPATH_SEARCH_PATHS = (
					"$(inherited)",
					"@executable_path/Frameworks",
					"@loader_path/Frameworks",
				);
				PRODUCT_BUNDLE_IDENTIFIER = com.my.MYMovieDBTests;
				PRODUCT_NAME = "$(TARGET_NAME)";
				SWIFT_VERSION = 5.0;
				TARGETED_DEVICE_FAMILY = "1,2";
				TEST_HOST = "$(BUILT_PRODUCTS_DIR)/MYMovieDB.app/MYMovieDB";
			};
			name = Release;
		};
		8CE0EF8525569DD500F5C130 /* Debug */ = {
			isa = XCBuildConfiguration;
			buildSettings = {
				ALWAYS_EMBED_SWIFT_STANDARD_LIBRARIES = YES;
				CODE_SIGN_STYLE = Automatic;
				INFOPLIST_FILE = MYMovieDBUITests/Info.plist;
				LD_RUNPATH_SEARCH_PATHS = (
					"$(inherited)",
					"@executable_path/Frameworks",
					"@loader_path/Frameworks",
				);
				PRODUCT_BUNDLE_IDENTIFIER = com.my.MYMovieDBUITests;
				PRODUCT_NAME = "$(TARGET_NAME)";
				SWIFT_VERSION = 5.0;
				TARGETED_DEVICE_FAMILY = "1,2";
				TEST_TARGET_NAME = MYMovieDB;
			};
			name = Debug;
		};
		8CE0EF8625569DD500F5C130 /* Release */ = {
			isa = XCBuildConfiguration;
			buildSettings = {
				ALWAYS_EMBED_SWIFT_STANDARD_LIBRARIES = YES;
				CODE_SIGN_STYLE = Automatic;
				INFOPLIST_FILE = MYMovieDBUITests/Info.plist;
				LD_RUNPATH_SEARCH_PATHS = (
					"$(inherited)",
					"@executable_path/Frameworks",
					"@loader_path/Frameworks",
				);
				PRODUCT_BUNDLE_IDENTIFIER = com.my.MYMovieDBUITests;
				PRODUCT_NAME = "$(TARGET_NAME)";
				SWIFT_VERSION = 5.0;
				TARGETED_DEVICE_FAMILY = "1,2";
				TEST_TARGET_NAME = MYMovieDB;
			};
			name = Release;
		};
/* End XCBuildConfiguration section */

/* Begin XCConfigurationList section */
		8CE0EF4F25569DD100F5C130 /* Build configuration list for PBXProject "MYMovieDB" */ = {
			isa = XCConfigurationList;
			buildConfigurations = (
				8CE0EF7C25569DD500F5C130 /* Debug */,
				8CE0EF7D25569DD500F5C130 /* Release */,
			);
			defaultConfigurationIsVisible = 0;
			defaultConfigurationName = Release;
		};
		8CE0EF7E25569DD500F5C130 /* Build configuration list for PBXNativeTarget "MYMovieDB" */ = {
			isa = XCConfigurationList;
			buildConfigurations = (
				8CE0EF7F25569DD500F5C130 /* Debug */,
				8CE0EF8025569DD500F5C130 /* Release */,
			);
			defaultConfigurationIsVisible = 0;
			defaultConfigurationName = Release;
		};
		8CE0EF8125569DD500F5C130 /* Build configuration list for PBXNativeTarget "MYMovieDBTests" */ = {
			isa = XCConfigurationList;
			buildConfigurations = (
				8CE0EF8225569DD500F5C130 /* Debug */,
				8CE0EF8325569DD500F5C130 /* Release */,
			);
			defaultConfigurationIsVisible = 0;
			defaultConfigurationName = Release;
		};
		8CE0EF8425569DD500F5C130 /* Build configuration list for PBXNativeTarget "MYMovieDBUITests" */ = {
			isa = XCConfigurationList;
			buildConfigurations = (
				8CE0EF8525569DD500F5C130 /* Debug */,
				8CE0EF8625569DD500F5C130 /* Release */,
			);
			defaultConfigurationIsVisible = 0;
			defaultConfigurationName = Release;
		};
/* End XCConfigurationList section */
	};
	rootObject = 8CE0EF4C25569DD100F5C130 /* Project object */;
}
